
Microsoft Visual Studio Solution File, Format Version 12.00
# Visual Studio Version 17
VisualStudioVersion = 17.3.32819.101
MinimumVisualStudioVersion = 10.0.40219.1
Project("{FAE04EC0-301F-11D3-BF4B-00C04F79EFBC}") = "WPF", "WPF.csproj", "{A9E1FF89-4951-4DF5-B3E0-EC8EB4F6C6AA}"
EndProject
Global
	GlobalSection(SolutionConfigurationPlatforms) = preSolution
		Debug|Any CPU = Debug|Any CPU
		Release|Any CPU = Release|Any CPU
	EndGlobalSection
	GlobalSection(ProjectConfigurationPlatforms) = postSolution
		{A9E1FF89-4951-4DF5-B3E0-EC8EB4F6C6AA}.Debug|Any CPU.ActiveCfg = Debug|Any CPU
		{A9E1FF89-4951-4DF5-B3E0-EC8EB4F6C6AA}.Debug|Any CPU.Build.0 = Debug|Any CPU
		{A9E1FF89-4951-4DF5-B3E0-EC8EB4F6C6AA}.Release|Any CPU.ActiveCfg = Release|Any CPU
		{A9E1FF89-4951-4DF5-B3E0-EC8EB4F6C6AA}.Release|Any CPU.Build.0 = Release|Any CPU
	EndGlobalSection
	GlobalSection(SolutionProperties) = preSolution
		HideSolutionNode = FALSE
	EndGlobalSection
	GlobalSection(ExtensibilityGlobals) = postSolution
		SolutionGuid = {534AC7AB-4EAF-46E5-BB02-8D4B131A6F60}
	EndGlobalSection
EndGlobal
